// !$*UTF8*$!
{
	archiveVersion = 1;
	classes = {
	};
	objectVersion = 51;
	objects = {

/* Begin PBXBuildFile section */
		6018D52E2695FD3600B34E6E /* Assets.xcassets in Resources */ = {isa = PBXBuildFile; fileRef = 6018D52D2695FD3600B34E6E /* Assets.xcassets */; };
		60248C00268C2578003275FC /* AddViewController.swift in Sources */ = {isa = PBXBuildFile; fileRef = 60248BFF268C2578003275FC /* AddViewController.swift */; };
		60248C02268C2585003275FC /* EditViewController.swift in Sources */ = {isa = PBXBuildFile; fileRef = 60248C01268C2585003275FC /* EditViewController.swift */; };
		6048D16426888A0100ADEB87 /* AppDelegate.swift in Sources */ = {isa = PBXBuildFile; fileRef = 6048D16326888A0100ADEB87 /* AppDelegate.swift */; };
		6048D16626888A0100ADEB87 /* SceneDelegate.swift in Sources */ = {isa = PBXBuildFile; fileRef = 6048D16526888A0100ADEB87 /* SceneDelegate.swift */; };
		6048D16826888A0100ADEB87 /* MainViewController.swift in Sources */ = {isa = PBXBuildFile; fileRef = 6048D16726888A0100ADEB87 /* MainViewController.swift */; };
		6048D16B26888A0100ADEB87 /* Main.storyboard in Resources */ = {isa = PBXBuildFile; fileRef = 6048D16926888A0100ADEB87 /* Main.storyboard */; };
		6048D17026888A0300ADEB87 /* LaunchScreen.storyboard in Resources */ = {isa = PBXBuildFile; fileRef = 6048D16E26888A0300ADEB87 /* LaunchScreen.storyboard */; };
		60C57442268F4E22007E037F /* ShowViewController.swift in Sources */ = {isa = PBXBuildFile; fileRef = 60C57441268F4E22007E037F /* ShowViewController.swift */; };
		60D27EA7268CEAB800BCCF04 /* Item.swift in Sources */ = {isa = PBXBuildFile; fileRef = 60D27EA6268CEAB800BCCF04 /* Item.swift */; };
		A69C0109B06EBFEB4425B77A /* Pods_Todolah.framework in Frameworks */ = {isa = PBXBuildFile; fileRef = 5BBCE2A84DF751F25B177DE7 /* Pods_Todolah.framework */; };
/* End PBXBuildFile section */

/* Begin PBXFileReference section */
		5BBCE2A84DF751F25B177DE7 /* Pods_Todolah.framework */ = {isa = PBXFileReference; explicitFileType = wrapper.framework; includeInIndex = 0; path = Pods_Todolah.framework; sourceTree = BUILT_PRODUCTS_DIR; };
		6018D52D2695FD3600B34E6E /* Assets.xcassets */ = {isa = PBXFileReference; lastKnownFileType = folder.assetcatalog; name = Assets.xcassets; path = ../../../../Downloads/AppIcons/Assets.xcassets; sourceTree = "<group>"; };
		60248BFF268C2578003275FC /* AddViewController.swift */ = {isa = PBXFileReference; lastKnownFileType = sourcecode.swift; path = AddViewController.swift; sourceTree = "<group>"; };
		60248C01268C2585003275FC /* EditViewController.swift */ = {isa = PBXFileReference; lastKnownFileType = sourcecode.swift; path = EditViewController.swift; sourceTree = "<group>"; };
		602F289A2695862B00984111 /* Todolah.entitlements */ = {isa = PBXFileReference; lastKnownFileType = text.plist.entitlements; path = Todolah.entitlements; sourceTree = "<group>"; };
		6048D16026888A0100ADEB87 /* Todolah.app */ = {isa = PBXFileReference; explicitFileType = wrapper.application; includeInIndex = 0; path = Todolah.app; sourceTree = BUILT_PRODUCTS_DIR; };
		6048D16326888A0100ADEB87 /* AppDelegate.swift */ = {isa = PBXFileReference; lastKnownFileType = sourcecode.swift; path = AppDelegate.swift; sourceTree = "<group>"; };
		6048D16526888A0100ADEB87 /* SceneDelegate.swift */ = {isa = PBXFileReference; lastKnownFileType = sourcecode.swift; path = SceneDelegate.swift; sourceTree = "<group>"; };
		6048D16726888A0100ADEB87 /* MainViewController.swift */ = {isa = PBXFileReference; lastKnownFileType = sourcecode.swift; path = MainViewController.swift; sourceTree = "<group>"; };
		6048D16A26888A0100ADEB87 /* Base */ = {isa = PBXFileReference; lastKnownFileType = file.storyboard; name = Base; path = Base.lproj/Main.storyboard; sourceTree = "<group>"; };
		6048D16F26888A0300ADEB87 /* Base */ = {isa = PBXFileReference; lastKnownFileType = file.storyboard; name = Base; path = Base.lproj/LaunchScreen.storyboard; sourceTree = "<group>"; };
		6048D17126888A0300ADEB87 /* Info.plist */ = {isa = PBXFileReference; lastKnownFileType = text.plist.xml; path = Info.plist; sourceTree = "<group>"; };
		60C57441268F4E22007E037F /* ShowViewController.swift */ = {isa = PBXFileReference; lastKnownFileType = sourcecode.swift; path = ShowViewController.swift; sourceTree = "<group>"; };
		60D27EA6268CEAB800BCCF04 /* Item.swift */ = {isa = PBXFileReference; lastKnownFileType = sourcecode.swift; path = Item.swift; sourceTree = "<group>"; };
		657F8A9DA9C1827479E4492F /* Pods-Todolah.debug.xcconfig */ = {isa = PBXFileReference; includeInIndex = 1; lastKnownFileType = text.xcconfig; name = "Pods-Todolah.debug.xcconfig"; path = "Target Support Files/Pods-Todolah/Pods-Todolah.debug.xcconfig"; sourceTree = "<group>"; };
		8D28D5D5EB4EB84D22D1EDF3 /* Pods-Todolah.release.xcconfig */ = {isa = PBXFileReference; includeInIndex = 1; lastKnownFileType = text.xcconfig; name = "Pods-Todolah.release.xcconfig"; path = "Target Support Files/Pods-Todolah/Pods-Todolah.release.xcconfig"; sourceTree = "<group>"; };
/* End PBXFileReference section */

/* Begin PBXFrameworksBuildPhase section */
		6048D15D26888A0100ADEB87 /* Frameworks */ = {
			isa = PBXFrameworksBuildPhase;
			buildActionMask = 2147483647;
			files = (
				A69C0109B06EBFEB4425B77A /* Pods_Todolah.framework in Frameworks */,
			);
			runOnlyForDeploymentPostprocessing = 0;
		};
/* End PBXFrameworksBuildPhase section */

/* Begin PBXGroup section */
		0BD5B3AC3E57E087880A21D9 /* Pods */ = {
			isa = PBXGroup;
			children = (
				657F8A9DA9C1827479E4492F /* Pods-Todolah.debug.xcconfig */,
				8D28D5D5EB4EB84D22D1EDF3 /* Pods-Todolah.release.xcconfig */,
			);
			path = Pods;
			sourceTree = "<group>";
		};
		60248BFE268C2519003275FC /* Controller */ = {
			isa = PBXGroup;
			children = (
				6048D16726888A0100ADEB87 /* MainViewController.swift */,
				60248BFF268C2578003275FC /* AddViewController.swift */,
				60248C01268C2585003275FC /* EditViewController.swift */,
				60C57441268F4E22007E037F /* ShowViewController.swift */,
			);
			path = Controller;
			sourceTree = "<group>";
		};
		6048D15726888A0000ADEB87 = {
			isa = PBXGroup;
			children = (
				6048D16226888A0100ADEB87 /* Todolah */,
				6048D16126888A0100ADEB87 /* Products */,
				0BD5B3AC3E57E087880A21D9 /* Pods */,
				AC9993609B359B20B619E9C5 /* Frameworks */,
			);
			sourceTree = "<group>";
		};
		6048D16126888A0100ADEB87 /* Products */ = {
			isa = PBXGroup;
			children = (
				6048D16026888A0100ADEB87 /* Todolah.app */,
			);
			name = Products;
			sourceTree = "<group>";
		};
		6048D16226888A0100ADEB87 /* Todolah */ = {
			isa = PBXGroup;
			children = (
				602F289A2695862B00984111 /* Todolah.entitlements */,
				60D27EA5268CEAA700BCCF04 /* Model */,
				60248BFE268C2519003275FC /* Controller */,
				6048D16326888A0100ADEB87 /* AppDelegate.swift */,
				6048D16526888A0100ADEB87 /* SceneDelegate.swift */,
				6048D16926888A0100ADEB87 /* Main.storyboard */,
				6018D52D2695FD3600B34E6E /* Assets.xcassets */,
				6048D16E26888A0300ADEB87 /* LaunchScreen.storyboard */,
				6048D17126888A0300ADEB87 /* Info.plist */,
			);
			path = Todolah;
			sourceTree = "<group>";
		};
		60D27EA5268CEAA700BCCF04 /* Model */ = {
			isa = PBXGroup;
			children = (
				60D27EA6268CEAB800BCCF04 /* Item.swift */,
			);
			path = Model;
			sourceTree = "<group>";
		};
		AC9993609B359B20B619E9C5 /* Frameworks */ = {
			isa = PBXGroup;
			children = (
				5BBCE2A84DF751F25B177DE7 /* Pods_Todolah.framework */,
			);
			name = Frameworks;
			sourceTree = "<group>";
		};
/* End PBXGroup section */

/* Begin PBXNativeTarget section */
		6048D15F26888A0100ADEB87 /* Todolah */ = {
			isa = PBXNativeTarget;
			buildConfigurationList = 6048D17426888A0300ADEB87 /* Build configuration list for PBXNativeTarget "Todolah" */;
			buildPhases = (
				E2771A21F44D23D340B5659F /* [CP] Check Pods Manifest.lock */,
				6048D15C26888A0100ADEB87 /* Sources */,
				6048D15D26888A0100ADEB87 /* Frameworks */,
				6048D15E26888A0100ADEB87 /* Resources */,
				65B0ECAC0990729338D6AE24 /* [CP] Embed Pods Frameworks */,
			);
			buildRules = (
			);
			dependencies = (
			);
			name = Todolah;
			productName = Todolah;
			productReference = 6048D16026888A0100ADEB87 /* Todolah.app */;
			productType = "com.apple.product-type.application";
		};
/* End PBXNativeTarget section */

/* Begin PBXProject section */
		6048D15826888A0000ADEB87 /* Project object */ = {
			isa = PBXProject;
			attributes = {
				LastSwiftUpdateCheck = 1250;
				LastUpgradeCheck = 1250;
				TargetAttributes = {
					6048D15F26888A0100ADEB87 = {
						CreatedOnToolsVersion = 12.5.1;
					};
				};
			};
			buildConfigurationList = 6048D15B26888A0000ADEB87 /* Build configuration list for PBXProject "Todolah" */;
			compatibilityVersion = "Xcode 9.3";
			developmentRegion = en;
			hasScannedForEncodings = 0;
			knownRegions = (
				en,
				Base,
			);
			mainGroup = 6048D15726888A0000ADEB87;
			productRefGroup = 6048D16126888A0100ADEB87 /* Products */;
			projectDirPath = "";
			projectRoot = "";
			targets = (
				6048D15F26888A0100ADEB87 /* Todolah */,
			);
		};
/* End PBXProject section */

/* Begin PBXResourcesBuildPhase section */
		6048D15E26888A0100ADEB87 /* Resources */ = {
			isa = PBXResourcesBuildPhase;
			buildActionMask = 2147483647;
			files = (
				6048D17026888A0300ADEB87 /* LaunchScreen.storyboard in Resources */,
				6018D52E2695FD3600B34E6E /* Assets.xcassets in Resources */,
				6048D16B26888A0100ADEB87 /* Main.storyboard in Resources */,
			);
			runOnlyForDeploymentPostprocessing = 0;
		};
/* End PBXResourcesBuildPhase section */

/* Begin PBXShellScriptBuildPhase section */
		65B0ECAC0990729338D6AE24 /* [CP] Embed Pods Frameworks */ = {
			isa = PBXShellScriptBuildPhase;
			buildActionMask = 2147483647;
			files = (
			);
			inputFileListPaths = (
				"${PODS_ROOT}/Target Support Files/Pods-Todolah/Pods-Todolah-frameworks-${CONFIGURATION}-input-files.xcfilelist",
			);
			name = "[CP] Embed Pods Frameworks";
			outputFileListPaths = (
				"${PODS_ROOT}/Target Support Files/Pods-Todolah/Pods-Todolah-frameworks-${CONFIGURATION}-output-files.xcfilelist",
			);
			runOnlyForDeploymentPostprocessing = 0;
			shellPath = /bin/sh;
			shellScript = "\"${PODS_ROOT}/Target Support Files/Pods-Todolah/Pods-Todolah-frameworks.sh\"\n";
			showEnvVarsInLog = 0;
		};
		E2771A21F44D23D340B5659F /* [CP] Check Pods Manifest.lock */ = {
			isa = PBXShellScriptBuildPhase;
			buildActionMask = 2147483647;
			files = (
			);
			inputFileListPaths = (
			);
			inputPaths = (
				"${PODS_PODFILE_DIR_PATH}/Podfile.lock",
				"${PODS_ROOT}/Manifest.lock",
			);
			name = "[CP] Check Pods Manifest.lock";
			outputFileListPaths = (
			);
			outputPaths = (
				"$(DERIVED_FILE_DIR)/Pods-Todolah-checkManifestLockResult.txt",
			);
			runOnlyForDeploymentPostprocessing = 0;
			shellPath = /bin/sh;
			shellScript = "diff \"${PODS_PODFILE_DIR_PATH}/Podfile.lock\" \"${PODS_ROOT}/Manifest.lock\" > /dev/null\nif [ $? != 0 ] ; then\n    # print error to STDERR\n    echo \"error: The sandbox is not in sync with the Podfile.lock. Run 'pod install' or update your CocoaPods installation.\" >&2\n    exit 1\nfi\n# This output is used by Xcode 'outputs' to avoid re-running this script phase.\necho \"SUCCESS\" > \"${SCRIPT_OUTPUT_FILE_0}\"\n";
			showEnvVarsInLog = 0;
		};
/* End PBXShellScriptBuildPhase section */

/* Begin PBXSourcesBuildPhase section */
		6048D15C26888A0100ADEB87 /* Sources */ = {
			isa = PBXSourcesBuildPhase;
			buildActionMask = 2147483647;
			files = (
				60248C02268C2585003275FC /* EditViewController.swift in Sources */,
				60C57442268F4E22007E037F /* ShowViewController.swift in Sources */,
				6048D16826888A0100ADEB87 /* MainViewController.swift in Sources */,
				6048D16426888A0100ADEB87 /* AppDelegate.swift in Sources */,
				60248C00268C2578003275FC /* AddViewController.swift in Sources */,
				60D27EA7268CEAB800BCCF04 /* Item.swift in Sources */,
				6048D16626888A0100ADEB87 /* SceneDelegate.swift in Sources */,
			);
			runOnlyForDeploymentPostprocessing = 0;
		};
/* End PBXSourcesBuildPhase section */

/* Begin PBXVariantGroup section */
		6048D16926888A0100ADEB87 /* Main.storyboard */ = {
			isa = PBXVariantGroup;
			children = (
				6048D16A26888A0100ADEB87 /* Base */,
			);
			name = Main.storyboard;
			sourceTree = "<group>";
		};
		6048D16E26888A0300ADEB87 /* LaunchScreen.storyboard */ = {
			isa = PBXVariantGroup;
			children = (
				6048D16F26888A0300ADEB87 /* Base */,
			);
			name = LaunchScreen.storyboard;
			sourceTree = "<group>";
		};
/* End PBXVariantGroup section */

/* Begin XCBuildConfiguration section */
		6048D17226888A0300ADEB87 /* Debug */ = {
			isa = XCBuildConfiguration;
			buildSettings = {
				ALWAYS_SEARCH_USER_PATHS = NO;
				CLANG_ANALYZER_NONNULL = YES;
				CLANG_ANALYZER_NUMBER_OBJECT_CONVERSION = YES_AGGRESSIVE;
				CLANG_CXX_LANGUAGE_STANDARD = "gnu++14";
				CLANG_CXX_LIBRARY = "libc++";
				CLANG_ENABLE_MODULES = YES;
				CLANG_ENABLE_OBJC_ARC = YES;
				CLANG_ENABLE_OBJC_WEAK = YES;
				CLANG_WARN_BLOCK_CAPTURE_AUTORELEASING = YES;
				CLANG_WARN_BOOL_CONVERSION = YES;
				CLANG_WARN_COMMA = YES;
				CLANG_WARN_CONSTANT_CONVERSION = YES;
				CLANG_WARN_DEPRECATED_OBJC_IMPLEMENTATIONS = YES;
				CLANG_WARN_DIRECT_OBJC_ISA_USAGE = YES_ERROR;
				CLANG_WARN_DOCUMENTATION_COMMENTS = YES;
				CLANG_WARN_EMPTY_BODY = YES;
				CLANG_WARN_ENUM_CONVERSION = YES;
				CLANG_WARN_INFINITE_RECURSION = YES;
				CLANG_WARN_INT_CONVERSION = YES;
				CLANG_WARN_NON_LITERAL_NULL_CONVERSION = YES;
				CLANG_WARN_OBJC_IMPLICIT_RETAIN_SELF = YES;
				CLANG_WARN_OBJC_LITERAL_CONVERSION = YES;
				CLANG_WARN_OBJC_ROOT_CLASS = YES_ERROR;
				CLANG_WARN_QUOTED_INCLUDE_IN_FRAMEWORK_HEADER = YES;
				CLANG_WARN_RANGE_LOOP_ANALYSIS = YES;
				CLANG_WARN_STRICT_PROTOTYPES = YES;
				CLANG_WARN_SUSPICIOUS_MOVE = YES;
				CLANG_WARN_UNGUARDED_AVAILABILITY = YES_AGGRESSIVE;
				CLANG_WARN_UNREACHABLE_CODE = YES;
				CLANG_WARN__DUPLICATE_METHOD_MATCH = YES;
				COPY_PHASE_STRIP = NO;
				DEBUG_INFORMATION_FORMAT = dwarf;
				ENABLE_STRICT_OBJC_MSGSEND = YES;
				ENABLE_TESTABILITY = YES;
				GCC_C_LANGUAGE_STANDARD = gnu11;
				GCC_DYNAMIC_NO_PIC = NO;
				GCC_NO_COMMON_BLOCKS = YES;
				GCC_OPTIMIZATION_LEVEL = 0;
				GCC_PREPROCESSOR_DEFINITIONS = (
					"DEBUG=1",
					"$(inherited)",
				);
				GCC_WARN_64_TO_32_BIT_CONVERSION = YES;
				GCC_WARN_ABOUT_RETURN_TYPE = YES_ERROR;
				GCC_WARN_UNDECLARED_SELECTOR = YES;
				GCC_WARN_UNINITIALIZED_AUTOS = YES_AGGRESSIVE;
				GCC_WARN_UNUSED_FUNCTION = YES;
				GCC_WARN_UNUSED_VARIABLE = YES;
				IPHONEOS_DEPLOYMENT_TARGET = 14.5;
				MTL_ENABLE_DEBUG_INFO = INCLUDE_SOURCE;
				MTL_FAST_MATH = YES;
				ONLY_ACTIVE_ARCH = YES;
				SDKROOT = iphoneos;
				SWIFT_ACTIVE_COMPILATION_CONDITIONS = DEBUG;
				SWIFT_OPTIMIZATION_LEVEL = "-Onone";
			};
			name = Debug;
		};
		6048D17326888A0300ADEB87 /* Release */ = {
			isa = XCBuildConfiguration;
			buildSettings = {
				ALWAYS_SEARCH_USER_PATHS = NO;
				CLANG_ANALYZER_NONNULL = YES;
				CLANG_ANALYZER_NUMBER_OBJECT_CONVERSION = YES_AGGRESSIVE;
				CLANG_CXX_LANGUAGE_STANDARD = "gnu++14";
				CLANG_CXX_LIBRARY = "libc++";
				CLANG_ENABLE_MODULES = YES;
				CLANG_ENABLE_OBJC_ARC = YES;
				CLANG_ENABLE_OBJC_WEAK = YES;
				CLANG_WARN_BLOCK_CAPTURE_AUTORELEASING = YES;
				CLANG_WARN_BOOL_CONVERSION = YES;
				CLANG_WARN_COMMA = YES;
				CLANG_WARN_CONSTANT_CONVERSION = YES;
				CLANG_WARN_DEPRECATED_OBJC_IMPLEMENTATIONS = YES;
				CLANG_WARN_DIRECT_OBJC_ISA_USAGE = YES_ERROR;
				CLANG_WARN_DOCUMENTATION_COMMENTS = YES;
				CLANG_WARN_EMPTY_BODY = YES;
				CLANG_WARN_ENUM_CONVERSION = YES;
				CLANG_WARN_INFINITE_RECURSION = YES;
				CLANG_WARN_INT_CONVERSION = YES;
				CLANG_WARN_NON_LITERAL_NULL_CONVERSION = YES;
				CLANG_WARN_OBJC_IMPLICIT_RETAIN_SELF = YES;
				CLANG_WARN_OBJC_LITERAL_CONVERSION = YES;
				CLANG_WARN_OBJC_ROOT_CLASS = YES_ERROR;
				CLANG_WARN_QUOTED_INCLUDE_IN_FRAMEWORK_HEADER = YES;
				CLANG_WARN_RANGE_LOOP_ANALYSIS = YES;
				CLANG_WARN_STRICT_PROTOTYPES = YES;
				CLANG_WARN_SUSPICIOUS_MOVE = YES;
				CLANG_WARN_UNGUARDED_AVAILABILITY = YES_AGGRESSIVE;
				CLANG_WARN_UNREACHABLE_CODE = YES;
				CLANG_WARN__DUPLICATE_METHOD_MATCH = YES;
				COPY_PHASE_STRIP = NO;
				DEBUG_INFORMATION_FORMAT = "dwarf-with-dsym";
				ENABLE_NS_ASSERTIONS = NO;
				ENABLE_STRICT_OBJC_MSGSEND = YES;
				GCC_C_LANGUAGE_STANDARD = gnu11;
				GCC_NO_COMMON_BLOCKS = YES;
				GCC_WARN_64_TO_32_BIT_CONVERSION = YES;
				GCC_WARN_ABOUT_RETURN_TYPE = YES_ERROR;
				GCC_WARN_UNDECLARED_SELECTOR = YES;
				GCC_WARN_UNINITIALIZED_AUTOS = YES_AGGRESSIVE;
				GCC_WARN_UNUSED_FUNCTION = YES;
				GCC_WARN_UNUSED_VARIABLE = YES;
				IPHONEOS_DEPLOYMENT_TARGET = 14.5;
				MTL_ENABLE_DEBUG_INFO = NO;
				MTL_FAST_MATH = YES;
				SDKROOT = iphoneos;
				SWIFT_COMPILATION_MODE = wholemodule;
				SWIFT_OPTIMIZATION_LEVEL = "-O";
				VALIDATE_PRODUCT = YES;
			};
			name = Release;
		};
		6048D17526888A0300ADEB87 /* Debug */ = {
			isa = XCBuildConfiguration;
			baseConfigurationReference = 657F8A9DA9C1827479E4492F /* Pods-Todolah.debug.xcconfig */;
			buildSettings = {
				ASSETCATALOG_COMPILER_APPICON_NAME = AppIcon;
				ASSETCATALOG_COMPILER_GLOBAL_ACCENT_COLOR_NAME = AccentColor;
				CODE_SIGN_ENTITLEMENTS = Todolah/Todolah.entitlements;
				CODE_SIGN_STYLE = Automatic;
				DEVELOPMENT_TEAM = BBB34PKL3Z;
				INFOPLIST_FILE = Todolah/Info.plist;
				LD_RUNPATH_SEARCH_PATHS = (
					"$(inherited)",
					"@executable_path/Frameworks",
				);
				PRODUCT_BUNDLE_IDENTIFIER = com.ganthology.Todolah;
				PRODUCT_NAME = "$(TARGET_NAME)";
				SWIFT_VERSION = 5.0;
				TARGETED_DEVICE_FAMILY = "1,2";
			};
			name = Debug;
		};
		6048D17626888A0300ADEB87 /* Release */ = {
			isa = XCBuildConfiguration;
			baseConfigurationReference = 8D28D5D5EB4EB84D22D1EDF3 /* Pods-Todolah.release.xcconfig */;
			buildSettings = {
				ASSETCATALOG_COMPILER_APPICON_NAME = AppIcon;
				ASSETCATALOG_COMPILER_GLOBAL_ACCENT_COLOR_NAME = AccentColor;
				CODE_SIGN_ENTITLEMENTS = Todolah/Todolah.entitlements;
				CODE_SIGN_STYLE = Automatic;
				DEVELOPMENT_TEAM = BBB34PKL3Z;
				INFOPLIST_FILE = Todolah/Info.plist;
				LD_RUNPATH_SEARCH_PATHS = (
					"$(inherited)",
					"@executable_path/Frameworks",
				);
				PRODUCT_BUNDLE_IDENTIFIER = com.ganthology.Todolah;
				PRODUCT_NAME = "$(TARGET_NAME)";
				SWIFT_VERSION = 5.0;
				TARGETED_DEVICE_FAMILY = "1,2";
			};
			name = Release;
		};
/* End XCBuildConfiguration section */

/* Begin XCConfigurationList section */
		6048D15B26888A0000ADEB87 /* Build configuration list for PBXProject "Todolah" */ = {
			isa = XCConfigurationList;
			buildConfigurations = (
				6048D17226888A0300ADEB87 /* Debug */,
				6048D17326888A0300ADEB87 /* Release */,
			);
			defaultConfigurationIsVisible = 0;
			defaultConfigurationName = Release;
		};
		6048D17426888A0300ADEB87 /* Build configuration list for PBXNativeTarget "Todolah" */ = {
			isa = XCConfigurationList;
			buildConfigurations = (
				6048D17526888A0300ADEB87 /* Debug */,
				6048D17626888A0300ADEB87 /* Release */,
			);
			defaultConfigurationIsVisible = 0;
			defaultConfigurationName = Release;
		};
/* End XCConfigurationList section */
	};
	rootObject = 6048D15826888A0000ADEB87 /* Project object */;
}
